
Microsoft Visual Studio Solution File, Format Version 12.00
# Visual Studio 2013
VisualStudioVersion = 12.0.40629.0
MinimumVisualStudioVersion = 10.0.40219.1
Project("{FAE04EC0-301F-11D3-BF4B-00C04F79EFBC}") = "biz.dfch.CS.Birt.Client", "biz.dfch.CS.Birt.Client\biz.dfch.CS.Birt.Client.csproj", "{BF229916-775A-47A7-A526-36AB14F9991B}"
EndProject
Project("{FAE04EC0-301F-11D3-BF4B-00C04F79EFBC}") = "biz.dfch.CS.Birt.Client.Tests", "UnitTestProject\biz.dfch.CS.Birt.Client.Tests.csproj", "{F6B37F9A-FF2E-40FA-952C-650A4E75DEC1}"
EndProject
Global
	GlobalSection(SolutionConfigurationPlatforms) = preSolution
		Debug|Any CPU = Debug|Any CPU
		Release|Any CPU = Release|Any CPU
	EndGlobalSection
	GlobalSection(ProjectConfigurationPlatforms) = postSolution
		{BF229916-775A-47A7-A526-36AB14F9991B}.Debug|Any CPU.ActiveCfg = Debug|Any CPU
		{BF229916-775A-47A7-A526-36AB14F9991B}.Debug|Any CPU.Build.0 = Debug|Any CPU
		{BF229916-775A-47A7-A526-36AB14F9991B}.Release|Any CPU.ActiveCfg = Release|Any CPU
		{BF229916-775A-47A7-A526-36AB14F9991B}.Release|Any CPU.Build.0 = Release|Any CPU
		{F6B37F9A-FF2E-40FA-952C-650A4E75DEC1}.Debug|Any CPU.ActiveCfg = Debug|Any CPU
		{F6B37F9A-FF2E-40FA-952C-650A4E75DEC1}.Debug|Any CPU.Build.0 = Debug|Any CPU
		{F6B37F9A-FF2E-40FA-952C-650A4E75DEC1}.Release|Any CPU.ActiveCfg = Release|Any CPU
		{F6B37F9A-FF2E-40FA-952C-650A4E75DEC1}.Release|Any CPU.Build.0 = Release|Any CPU
	EndGlobalSection
	GlobalSection(SolutionProperties) = preSolution
		HideSolutionNode = FALSE
	EndGlobalSection
EndGlobal
